// !$*UTF8*$!
{
	archiveVersion = 1;
	classes = {
	};
	objectVersion = 46;
	objects = {

/* Begin PBXBuildFile section */
		D9B3C6F91E3924C1002C6B25 /* AppDelegate.swift in Sources */ = {isa = PBXBuildFile; fileRef = D9B3C6F81E3924C1002C6B25 /* AppDelegate.swift */; };
		D9B3C6FB1E3924C1002C6B25 /* ViewController.swift in Sources */ = {isa = PBXBuildFile; fileRef = D9B3C6FA1E3924C1002C6B25 /* ViewController.swift */; };
		D9B3C6FE1E3924C1002C6B25 /* Main.storyboard in Resources */ = {isa = PBXBuildFile; fileRef = D9B3C6FC1E3924C1002C6B25 /* Main.storyboard */; };
		D9B3C7011E3924C1002C6B25 /* shoppingCalculator.xcdatamodeld in Sources */ = {isa = PBXBuildFile; fileRef = D9B3C6FF1E3924C1002C6B25 /* shoppingCalculator.xcdatamodeld */; };
		D9B3C7031E3924C1002C6B25 /* Assets.xcassets in Resources */ = {isa = PBXBuildFile; fileRef = D9B3C7021E3924C1002C6B25 /* Assets.xcassets */; };
		D9B3C7061E3924C1002C6B25 /* LaunchScreen.storyboard in Resources */ = {isa = PBXBuildFile; fileRef = D9B3C7041E3924C1002C6B25 /* LaunchScreen.storyboard */; };
		D9B3C7111E3924C1002C6B25 /* shoppingCalculatorTests.swift in Sources */ = {isa = PBXBuildFile; fileRef = D9B3C7101E3924C1002C6B25 /* shoppingCalculatorTests.swift */; };
		D9B3C71C1E3924C1002C6B25 /* shoppingCalculatorUITests.swift in Sources */ = {isa = PBXBuildFile; fileRef = D9B3C71B1E3924C1002C6B25 /* shoppingCalculatorUITests.swift */; };
/* End PBXBuildFile section */

/* Begin PBXContainerItemProxy section */
		D9B3C70D1E3924C1002C6B25 /* PBXContainerItemProxy */ = {
			isa = PBXContainerItemProxy;
			containerPortal = D9B3C6ED1E3924C1002C6B25 /* Project object */;
			proxyType = 1;
			remoteGlobalIDString = D9B3C6F41E3924C1002C6B25;
			remoteInfo = shoppingCalculator;
		};
		D9B3C7181E3924C1002C6B25 /* PBXContainerItemProxy */ = {
			isa = PBXContainerItemProxy;
			containerPortal = D9B3C6ED1E3924C1002C6B25 /* Project object */;
			proxyType = 1;
			remoteGlobalIDString = D9B3C6F41E3924C1002C6B25;
			remoteInfo = shoppingCalculator;
		};
/* End PBXContainerItemProxy section */

/* Begin PBXFileReference section */
		D9B3C6F51E3924C1002C6B25 /* shoppingCalculator.app */ = {isa = PBXFileReference; explicitFileType = wrapper.application; includeInIndex = 0; path = shoppingCalculator.app; sourceTree = BUILT_PRODUCTS_DIR; };
		D9B3C6F81E3924C1002C6B25 /* AppDelegate.swift */ = {isa = PBXFileReference; lastKnownFileType = sourcecode.swift; path = AppDelegate.swift; sourceTree = "<group>"; };
		D9B3C6FA1E3924C1002C6B25 /* ViewController.swift */ = {isa = PBXFileReference; lastKnownFileType = sourcecode.swift; path = ViewController.swift; sourceTree = "<group>"; };
		D9B3C6FD1E3924C1002C6B25 /* Base */ = {isa = PBXFileReference; lastKnownFileType = file.storyboard; name = Base; path = Base.lproj/Main.storyboard; sourceTree = "<group>"; };
		D9B3C7001E3924C1002C6B25 /* shoppingCalculator.xcdatamodel */ = {isa = PBXFileReference; lastKnownFileType = wrapper.xcdatamodel; path = shoppingCalculator.xcdatamodel; sourceTree = "<group>"; };
		D9B3C7021E3924C1002C6B25 /* Assets.xcassets */ = {isa = PBXFileReference; lastKnownFileType = folder.assetcatalog; path = Assets.xcassets; sourceTree = "<group>"; };
		D9B3C7051E3924C1002C6B25 /* Base */ = {isa = PBXFileReference; lastKnownFileType = file.storyboard; name = Base; path = Base.lproj/LaunchScreen.storyboard; sourceTree = "<group>"; };
		D9B3C7071E3924C1002C6B25 /* Info.plist */ = {isa = PBXFileReference; lastKnownFileType = text.plist.xml; path = Info.plist; sourceTree = "<group>"; };
		D9B3C70C1E3924C1002C6B25 /* shoppingCalculatorTests.xctest */ = {isa = PBXFileReference; explicitFileType = wrapper.cfbundle; includeInIndex = 0; path = shoppingCalculatorTests.xctest; sourceTree = BUILT_PRODUCTS_DIR; };
		D9B3C7101E3924C1002C6B25 /* shoppingCalculatorTests.swift */ = {isa = PBXFileReference; lastKnownFileType = sourcecode.swift; path = shoppingCalculatorTests.swift; sourceTree = "<group>"; };
		D9B3C7121E3924C1002C6B25 /* Info.plist */ = {isa = PBXFileReference; lastKnownFileType = text.plist.xml; path = Info.plist; sourceTree = "<group>"; };
		D9B3C7171E3924C1002C6B25 /* shoppingCalculatorUITests.xctest */ = {isa = PBXFileReference; explicitFileType = wrapper.cfbundle; includeInIndex = 0; path = shoppingCalculatorUITests.xctest; sourceTree = BUILT_PRODUCTS_DIR; };
		D9B3C71B1E3924C1002C6B25 /* shoppingCalculatorUITests.swift */ = {isa = PBXFileReference; lastKnownFileType = sourcecode.swift; path = shoppingCalculatorUITests.swift; sourceTree = "<group>"; };
		D9B3C71D1E3924C1002C6B25 /* Info.plist */ = {isa = PBXFileReference; lastKnownFileType = text.plist.xml; path = Info.plist; sourceTree = "<group>"; };
/* End PBXFileReference section */

/* Begin PBXFrameworksBuildPhase section */
		D9B3C6F21E3924C1002C6B25 /* Frameworks */ = {
			isa = PBXFrameworksBuildPhase;
			buildActionMask = 2147483647;
			files = (
			);
			runOnlyForDeploymentPostprocessing = 0;
		};
		D9B3C7091E3924C1002C6B25 /* Frameworks */ = {
			isa = PBXFrameworksBuildPhase;
			buildActionMask = 2147483647;
			files = (
			);
			runOnlyForDeploymentPostprocessing = 0;
		};
		D9B3C7141E3924C1002C6B25 /* Frameworks */ = {
			isa = PBXFrameworksBuildPhase;
			buildActionMask = 2147483647;
			files = (
			);
			runOnlyForDeploymentPostprocessing = 0;
		};
/* End PBXFrameworksBuildPhase section */

/* Begin PBXGroup section */
		D9B3C6EC1E3924C1002C6B25 = {
			isa = PBXGroup;
			children = (
				D9B3C6F71E3924C1002C6B25 /* shoppingCalculator */,
				D9B3C70F1E3924C1002C6B25 /* shoppingCalculatorTests */,
				D9B3C71A1E3924C1002C6B25 /* shoppingCalculatorUITests */,
				D9B3C6F61E3924C1002C6B25 /* Products */,
			);
			sourceTree = "<group>";
		};
		D9B3C6F61E3924C1002C6B25 /* Products */ = {
			isa = PBXGroup;
			children = (
				D9B3C6F51E3924C1002C6B25 /* shoppingCalculator.app */,
				D9B3C70C1E3924C1002C6B25 /* shoppingCalculatorTests.xctest */,
				D9B3C7171E3924C1002C6B25 /* shoppingCalculatorUITests.xctest */,
			);
			name = Products;
			sourceTree = "<group>";
		};
		D9B3C6F71E3924C1002C6B25 /* shoppingCalculator */ = {
			isa = PBXGroup;
			children = (
				D9B3C6F81E3924C1002C6B25 /* AppDelegate.swift */,
				D9B3C6FA1E3924C1002C6B25 /* ViewController.swift */,
				D9B3C6FC1E3924C1002C6B25 /* Main.storyboard */,
				D9B3C7021E3924C1002C6B25 /* Assets.xcassets */,
				D9B3C7041E3924C1002C6B25 /* LaunchScreen.storyboard */,
				D9B3C7071E3924C1002C6B25 /* Info.plist */,
				D9B3C6FF1E3924C1002C6B25 /* shoppingCalculator.xcdatamodeld */,
			);
			path = shoppingCalculator;
			sourceTree = "<group>";
		};
		D9B3C70F1E3924C1002C6B25 /* shoppingCalculatorTests */ = {
			isa = PBXGroup;
			children = (
				D9B3C7101E3924C1002C6B25 /* shoppingCalculatorTests.swift */,
				D9B3C7121E3924C1002C6B25 /* Info.plist */,
			);
			path = shoppingCalculatorTests;
			sourceTree = "<group>";
		};
		D9B3C71A1E3924C1002C6B25 /* shoppingCalculatorUITests */ = {
			isa = PBXGroup;
			children = (
				D9B3C71B1E3924C1002C6B25 /* shoppingCalculatorUITests.swift */,
				D9B3C71D1E3924C1002C6B25 /* Info.plist */,
			);
			path = shoppingCalculatorUITests;
			sourceTree = "<group>";
		};
/* End PBXGroup section */

/* Begin PBXNativeTarget section */
		D9B3C6F41E3924C1002C6B25 /* shoppingCalculator */ = {
			isa = PBXNativeTarget;
			buildConfigurationList = D9B3C7201E3924C1002C6B25 /* Build configuration list for PBXNativeTarget "shoppingCalculator" */;
			buildPhases = (
				D9B3C6F11E3924C1002C6B25 /* Sources */,
				D9B3C6F21E3924C1002C6B25 /* Frameworks */,
				D9B3C6F31E3924C1002C6B25 /* Resources */,
			);
			buildRules = (
			);
			dependencies = (
			);
			name = shoppingCalculator;
			productName = shoppingCalculator;
			productReference = D9B3C6F51E3924C1002C6B25 /* shoppingCalculator.app */;
			productType = "com.apple.product-type.application";
		};
		D9B3C70B1E3924C1002C6B25 /* shoppingCalculatorTests */ = {
			isa = PBXNativeTarget;
			buildConfigurationList = D9B3C7231E3924C1002C6B25 /* Build configuration list for PBXNativeTarget "shoppingCalculatorTests" */;
			buildPhases = (
				D9B3C7081E3924C1002C6B25 /* Sources */,
				D9B3C7091E3924C1002C6B25 /* Frameworks */,
				D9B3C70A1E3924C1002C6B25 /* Resources */,
			);
			buildRules = (
			);
			dependencies = (
				D9B3C70E1E3924C1002C6B25 /* PBXTargetDependency */,
			);
			name = shoppingCalculatorTests;
			productName = shoppingCalculatorTests;
			productReference = D9B3C70C1E3924C1002C6B25 /* shoppingCalculatorTests.xctest */;
			productType = "com.apple.product-type.bundle.unit-test";
		};
		D9B3C7161E3924C1002C6B25 /* shoppingCalculatorUITests */ = {
			isa = PBXNativeTarget;
			buildConfigurationList = D9B3C7261E3924C1002C6B25 /* Build configuration list for PBXNativeTarget "shoppingCalculatorUITests" */;
			buildPhases = (
				D9B3C7131E3924C1002C6B25 /* Sources */,
				D9B3C7141E3924C1002C6B25 /* Frameworks */,
				D9B3C7151E3924C1002C6B25 /* Resources */,
			);
			buildRules = (
			);
			dependencies = (
				D9B3C7191E3924C1002C6B25 /* PBXTargetDependency */,
			);
			name = shoppingCalculatorUITests;
			productName = shoppingCalculatorUITests;
			productReference = D9B3C7171E3924C1002C6B25 /* shoppingCalculatorUITests.xctest */;
			productType = "com.apple.product-type.bundle.ui-testing";
		};
/* End PBXNativeTarget section */

/* Begin PBXProject section */
		D9B3C6ED1E3924C1002C6B25 /* Project object */ = {
			isa = PBXProject;
			attributes = {
				LastSwiftUpdateCheck = 0820;
				LastUpgradeCheck = 0820;
				ORGANIZATIONNAME = "Austin Prince";
				TargetAttributes = {
					D9B3C6F41E3924C1002C6B25 = {
						CreatedOnToolsVersion = 8.2.1;
						DevelopmentTeam = 6HB6E9SALG;
						ProvisioningStyle = Automatic;
					};
					D9B3C70B1E3924C1002C6B25 = {
						CreatedOnToolsVersion = 8.2.1;
						DevelopmentTeam = 6HB6E9SALG;
						ProvisioningStyle = Automatic;
						TestTargetID = D9B3C6F41E3924C1002C6B25;
					};
					D9B3C7161E3924C1002C6B25 = {
						CreatedOnToolsVersion = 8.2.1;
						DevelopmentTeam = 6HB6E9SALG;
						ProvisioningStyle = Automatic;
						TestTargetID = D9B3C6F41E3924C1002C6B25;
					};
				};
			};
			buildConfigurationList = D9B3C6F01E3924C1002C6B25 /* Build configuration list for PBXProject "shoppingCalculator" */;
			compatibilityVersion = "Xcode 3.2";
			developmentRegion = English;
			hasScannedForEncodings = 0;
			knownRegions = (
				en,
				Base,
			);
			mainGroup = D9B3C6EC1E3924C1002C6B25;
			productRefGroup = D9B3C6F61E3924C1002C6B25 /* Products */;
			projectDirPath = "";
			projectRoot = "";
			targets = (
				D9B3C6F41E3924C1002C6B25 /* shoppingCalculator */,
				D9B3C70B1E3924C1002C6B25 /* shoppingCalculatorTests */,
				D9B3C7161E3924C1002C6B25 /* shoppingCalculatorUITests */,
			);
		};
/* End PBXProject section */

/* Begin PBXResourcesBuildPhase section */
		D9B3C6F31E3924C1002C6B25 /* Resources */ = {
			isa = PBXResourcesBuildPhase;
			buildActionMask = 2147483647;
			files = (
				D9B3C7061E3924C1002C6B25 /* LaunchScreen.storyboard in Resources */,
				D9B3C7031E3924C1002C6B25 /* Assets.xcassets in Resources */,
				D9B3C6FE1E3924C1002C6B25 /* Main.storyboard in Resources */,
			);
			runOnlyForDeploymentPostprocessing = 0;
		};
		D9B3C70A1E3924C1002C6B25 /* Resources */ = {
			isa = PBXResourcesBuildPhase;
			buildActionMask = 2147483647;
			files = (
			);
			runOnlyForDeploymentPostprocessing = 0;
		};
		D9B3C7151E3924C1002C6B25 /* Resources */ = {
			isa = PBXResourcesBuildPhase;
			buildActionMask = 2147483647;
			files = (
			);
			runOnlyForDeploymentPostprocessing = 0;
		};
/* End PBXResourcesBuildPhase section */

/* Begin PBXSourcesBuildPhase section */
		D9B3C6F11E3924C1002C6B25 /* Sources */ = {
			isa = PBXSourcesBuildPhase;
			buildActionMask = 2147483647;
			files = (
				D9B3C6FB1E3924C1002C6B25 /* ViewController.swift in Sources */,
				D9B3C7011E3924C1002C6B25 /* shoppingCalculator.xcdatamodeld in Sources */,
				D9B3C6F91E3924C1002C6B25 /* AppDelegate.swift in Sources */,
			);
			runOnlyForDeploymentPostprocessing = 0;
		};
		D9B3C7081E3924C1002C6B25 /* Sources */ = {
			isa = PBXSourcesBuildPhase;
			buildActionMask = 2147483647;
			files = (
				D9B3C7111E3924C1002C6B25 /* shoppingCalculatorTests.swift in Sources */,
			);
			runOnlyForDeploymentPostprocessing = 0;
		};
		D9B3C7131E3924C1002C6B25 /* Sources */ = {
			isa = PBXSourcesBuildPhase;
			buildActionMask = 2147483647;
			files = (
				D9B3C71C1E3924C1002C6B25 /* shoppingCalculatorUITests.swift in Sources */,
			);
			runOnlyForDeploymentPostprocessing = 0;
		};
/* End PBXSourcesBuildPhase section */

/* Begin PBXTargetDependency section */
		D9B3C70E1E3924C1002C6B25 /* PBXTargetDependency */ = {
			isa = PBXTargetDependency;
			target = D9B3C6F41E3924C1002C6B25 /* shoppingCalculator */;
			targetProxy = D9B3C70D1E3924C1002C6B25 /* PBXContainerItemProxy */;
		};
		D9B3C7191E3924C1002C6B25 /* PBXTargetDependency */ = {
			isa = PBXTargetDependency;
			target = D9B3C6F41E3924C1002C6B25 /* shoppingCalculator */;
			targetProxy = D9B3C7181E3924C1002C6B25 /* PBXContainerItemProxy */;
		};
/* End PBXTargetDependency section */

/* Begin PBXVariantGroup section */
		D9B3C6FC1E3924C1002C6B25 /* Main.storyboard */ = {
			isa = PBXVariantGroup;
			children = (
				D9B3C6FD1E3924C1002C6B25 /* Base */,
			);
			name = Main.storyboard;
			sourceTree = "<group>";
		};
		D9B3C7041E3924C1002C6B25 /* LaunchScreen.storyboard */ = {
			isa = PBXVariantGroup;
			children = (
				D9B3C7051E3924C1002C6B25 /* Base */,
			);
			name = LaunchScreen.storyboard;
			sourceTree = "<group>";
		};
/* End PBXVariantGroup section */

/* Begin XCBuildConfiguration section */
		D9B3C71E1E3924C1002C6B25 /* Debug */ = {
			isa = XCBuildConfiguration;
			buildSettings = {
				ALWAYS_SEARCH_USER_PATHS = NO;
				CLANG_ANALYZER_NONNULL = YES;
				CLANG_CXX_LANGUAGE_STANDARD = "gnu++0x";
				CLANG_CXX_LIBRARY = "libc++";
				CLANG_ENABLE_MODULES = YES;
				CLANG_ENABLE_OBJC_ARC = YES;
				CLANG_WARN_BOOL_CONVERSION = YES;
				CLANG_WARN_CONSTANT_CONVERSION = YES;
				CLANG_WARN_DIRECT_OBJC_ISA_USAGE = YES_ERROR;
				CLANG_WARN_DOCUMENTATION_COMMENTS = YES;
				CLANG_WARN_EMPTY_BODY = YES;
				CLANG_WARN_ENUM_CONVERSION = YES;
				CLANG_WARN_INFINITE_RECURSION = YES;
				CLANG_WARN_INT_CONVERSION = YES;
				CLANG_WARN_OBJC_ROOT_CLASS = YES_ERROR;
				CLANG_WARN_SUSPICIOUS_MOVE = YES;
				CLANG_WARN_UNREACHABLE_CODE = YES;
				CLANG_WARN__DUPLICATE_METHOD_MATCH = YES;
				"CODE_SIGN_IDENTITY[sdk=iphoneos*]" = "iPhone Developer";
				COPY_PHASE_STRIP = NO;
				DEBUG_INFORMATION_FORMAT = dwarf;
				ENABLE_STRICT_OBJC_MSGSEND = YES;
				ENABLE_TESTABILITY = YES;
				GCC_C_LANGUAGE_STANDARD = gnu99;
				GCC_DYNAMIC_NO_PIC = NO;
				GCC_NO_COMMON_BLOCKS = YES;
				GCC_OPTIMIZATION_LEVEL = 0;
				GCC_PREPROCESSOR_DEFINITIONS = (
					"DEBUG=1",
					"$(inherited)",
				);
				GCC_WARN_64_TO_32_BIT_CONVERSION = YES;
				GCC_WARN_ABOUT_RETURN_TYPE = YES_ERROR;
				GCC_WARN_UNDECLARED_SELECTOR = YES;
				GCC_WARN_UNINITIALIZED_AUTOS = YES_AGGRESSIVE;
				GCC_WARN_UNUSED_FUNCTION = YES;
				GCC_WARN_UNUSED_VARIABLE = YES;
				IPHONEOS_DEPLOYMENT_TARGET = 10.2;
				MTL_ENABLE_DEBUG_INFO = YES;
				ONLY_ACTIVE_ARCH = YES;
				SDKROOT = iphoneos;
				SWIFT_ACTIVE_COMPILATION_CONDITIONS = DEBUG;
				SWIFT_OPTIMIZATION_LEVEL = "-Onone";
			};
			name = Debug;
		};
		D9B3C71F1E3924C1002C6B25 /* Release */ = {
			isa = XCBuildConfiguration;
			buildSettings = {
				ALWAYS_SEARCH_USER_PATHS = NO;
				CLANG_ANALYZER_NONNULL = YES;
				CLANG_CXX_LANGUAGE_STANDARD = "gnu++0x";
				CLANG_CXX_LIBRARY = "libc++";
				CLANG_ENABLE_MODULES = YES;
				CLANG_ENABLE_OBJC_ARC = YES;
				CLANG_WARN_BOOL_CONVERSION = YES;
				CLANG_WARN_CONSTANT_CONVERSION = YES;
				CLANG_WARN_DIRECT_OBJC_ISA_USAGE = YES_ERROR;
				CLANG_WARN_DOCUMENTATION_COMMENTS = YES;
				CLANG_WARN_EMPTY_BODY = YES;
				CLANG_WARN_ENUM_CONVERSION = YES;
				CLANG_WARN_INFINITE_RECURSION = YES;
				CLANG_WARN_INT_CONVERSION = YES;
				CLANG_WARN_OBJC_ROOT_CLASS = YES_ERROR;
				CLANG_WARN_SUSPICIOUS_MOVE = YES;
				CLANG_WARN_UNREACHABLE_CODE = YES;
				CLANG_WARN__DUPLICATE_METHOD_MATCH = YES;
				"CODE_SIGN_IDENTITY[sdk=iphoneos*]" = "iPhone Developer";
				COPY_PHASE_STRIP = NO;
				DEBUG_INFORMATION_FORMAT = "dwarf-with-dsym";
				ENABLE_NS_ASSERTIONS = NO;
				ENABLE_STRICT_OBJC_MSGSEND = YES;
				GCC_C_LANGUAGE_STANDARD = gnu99;
				GCC_NO_COMMON_BLOCKS = YES;
				GCC_WARN_64_TO_32_BIT_CONVERSION = YES;
				GCC_WARN_ABOUT_RETURN_TYPE = YES_ERROR;
				GCC_WARN_UNDECLARED_SELECTOR = YES;
				GCC_WARN_UNINITIALIZED_AUTOS = YES_AGGRESSIVE;
				GCC_WARN_UNUSED_FUNCTION = YES;
				GCC_WARN_UNUSED_VARIABLE = YES;
				IPHONEOS_DEPLOYMENT_TARGET = 10.2;
				MTL_ENABLE_DEBUG_INFO = NO;
				SDKROOT = iphoneos;
				SWIFT_OPTIMIZATION_LEVEL = "-Owholemodule";
				VALIDATE_PRODUCT = YES;
			};
			name = Release;
		};
		D9B3C7211E3924C1002C6B25 /* Debug */ = {
			isa = XCBuildConfiguration;
			buildSettings = {
				ASSETCATALOG_COMPILER_APPICON_NAME = AppIcon;
				DEVELOPMENT_TEAM = 6HB6E9SALG;
				INFOPLIST_FILE = shoppingCalculator/Info.plist;
				LD_RUNPATH_SEARCH_PATHS = "$(inherited) @executable_path/Frameworks";
				PRODUCT_BUNDLE_IDENTIFIER = Prince.shoppingCalculator;
				PRODUCT_NAME = "$(TARGET_NAME)";
				SWIFT_VERSION = 3.0;
			};
			name = Debug;
		};
		D9B3C7221E3924C1002C6B25 /* Release */ = {
			isa = XCBuildConfiguration;
			buildSettings = {
				ASSETCATALOG_COMPILER_APPICON_NAME = AppIcon;
				DEVELOPMENT_TEAM = 6HB6E9SALG;
				INFOPLIST_FILE = shoppingCalculator/Info.plist;
				LD_RUNPATH_SEARCH_PATHS = "$(inherited) @executable_path/Frameworks";
				PRODUCT_BUNDLE_IDENTIFIER = Prince.shoppingCalculator;
				PRODUCT_NAME = "$(TARGET_NAME)";
				SWIFT_VERSION = 3.0;
			};
			name = Release;
		};
		D9B3C7241E3924C1002C6B25 /* Debug */ = {
			isa = XCBuildConfiguration;
			buildSettings = {
				ALWAYS_EMBED_SWIFT_STANDARD_LIBRARIES = YES;
				BUNDLE_LOADER = "$(TEST_HOST)";
				DEVELOPMENT_TEAM = 6HB6E9SALG;
				INFOPLIST_FILE = shoppingCalculatorTests/Info.plist;
				LD_RUNPATH_SEARCH_PATHS = "$(inherited) @executable_path/Frameworks @loader_path/Frameworks";
				PRODUCT_BUNDLE_IDENTIFIER = Prince.shoppingCalculatorTests;
				PRODUCT_NAME = "$(TARGET_NAME)";
				SWIFT_VERSION = 3.0;
				TEST_HOST = "$(BUILT_PRODUCTS_DIR)/shoppingCalculator.app/shoppingCalculator";
			};
			name = Debug;
		};
		D9B3C7251E3924C1002C6B25 /* Release */ = {
			isa = XCBuildConfiguration;
			buildSettings = {
				ALWAYS_EMBED_SWIFT_STANDARD_LIBRARIES = YES;
				BUNDLE_LOADER = "$(TEST_HOST)";
				DEVELOPMENT_TEAM = 6HB6E9SALG;
				INFOPLIST_FILE = shoppingCalculatorTests/Info.plist;
				LD_RUNPATH_SEARCH_PATHS = "$(inherited) @executable_path/Frameworks @loader_path/Frameworks";
				PRODUCT_BUNDLE_IDENTIFIER = Prince.shoppingCalculatorTests;
				PRODUCT_NAME = "$(TARGET_NAME)";
				SWIFT_VERSION = 3.0;
				TEST_HOST = "$(BUILT_PRODUCTS_DIR)/shoppingCalculator.app/shoppingCalculator";
			};
			name = Release;
		};
		D9B3C7271E3924C1002C6B25 /* Debug */ = {
			isa = XCBuildConfiguration;
			buildSettings = {
				ALWAYS_EMBED_SWIFT_STANDARD_LIBRARIES = YES;
				DEVELOPMENT_TEAM = 6HB6E9SALG;
				INFOPLIST_FILE = shoppingCalculatorUITests/Info.plist;
				LD_RUNPATH_SEARCH_PATHS = "$(inherited) @executable_path/Frameworks @loader_path/Frameworks";
				PRODUCT_BUNDLE_IDENTIFIER = Prince.shoppingCalculatorUITests;
				PRODUCT_NAME = "$(TARGET_NAME)";
				SWIFT_VERSION = 3.0;
				TEST_TARGET_NAME = shoppingCalculator;
			};
			name = Debug;
		};
		D9B3C7281E3924C1002C6B25 /* Release */ = {
			isa = XCBuildConfiguration;
			buildSettings = {
				ALWAYS_EMBED_SWIFT_STANDARD_LIBRARIES = YES;
				DEVELOPMENT_TEAM = 6HB6E9SALG;
				INFOPLIST_FILE = shoppingCalculatorUITests/Info.plist;
				LD_RUNPATH_SEARCH_PATHS = "$(inherited) @executable_path/Frameworks @loader_path/Frameworks";
				PRODUCT_BUNDLE_IDENTIFIER = Prince.shoppingCalculatorUITests;
				PRODUCT_NAME = "$(TARGET_NAME)";
				SWIFT_VERSION = 3.0;
				TEST_TARGET_NAME = shoppingCalculator;
			};
			name = Release;
		};
/* End XCBuildConfiguration section */

/* Begin XCConfigurationList section */
		D9B3C6F01E3924C1002C6B25 /* Build configuration list for PBXProject "shoppingCalculator" */ = {
			isa = XCConfigurationList;
			buildConfigurations = (
				D9B3C71E1E3924C1002C6B25 /* Debug */,
				D9B3C71F1E3924C1002C6B25 /* Release */,
			);
			defaultConfigurationIsVisible = 0;
			defaultConfigurationName = Release;
		};
		D9B3C7201E3924C1002C6B25 /* Build configuration list for PBXNativeTarget "shoppingCalculator" */ = {
			isa = XCConfigurationList;
			buildConfigurations = (
				D9B3C7211E3924C1002C6B25 /* Debug */,
				D9B3C7221E3924C1002C6B25 /* Release */,
			);
			defaultConfigurationIsVisible = 0;
		};
		D9B3C7231E3924C1002C6B25 /* Build configuration list for PBXNativeTarget "shoppingCalculatorTests" */ = {
			isa = XCConfigurationList;
			buildConfigurations = (
				D9B3C7241E3924C1002C6B25 /* Debug */,
				D9B3C7251E3924C1002C6B25 /* Release */,
			);
			defaultConfigurationIsVisible = 0;
		};
		D9B3C7261E3924C1002C6B25 /* Build configuration list for PBXNativeTarget "shoppingCalculatorUITests" */ = {
			isa = XCConfigurationList;
			buildConfigurations = (
				D9B3C7271E3924C1002C6B25 /* Debug */,
				D9B3C7281E3924C1002C6B25 /* Release */,
			);
			defaultConfigurationIsVisible = 0;
		};
/* End XCConfigurationList section */

/* Begin XCVersionGroup section */
		D9B3C6FF1E3924C1002C6B25 /* shoppingCalculator.xcdatamodeld */ = {
			isa = XCVersionGroup;
			children = (
				D9B3C7001E3924C1002C6B25 /* shoppingCalculator.xcdatamodel */,
			);
			currentVersion = D9B3C7001E3924C1002C6B25 /* shoppingCalculator.xcdatamodel */;
			path = shoppingCalculator.xcdatamodeld;
			sourceTree = "<group>";
			versionGroupType = wrapper.xcdatamodel;
		};
/* End XCVersionGroup section */
	};
	rootObject = D9B3C6ED1E3924C1002C6B25 /* Project object */;
}
